
Microsoft Visual Studio Solution File, Format Version 12.00
# Visual Studio Version 16
VisualStudioVersion = 16.0.32901.82
MinimumVisualStudioVersion = 10.0.40219.1
Project("{8BC9CEB8-8B4A-11D0-8D11-00A0C91BC942}") = "ECSSample_3rd", "ECSSample_3rd\ECSSample_3rd.vcxproj", "{C999515D-70E8-44A7-B571-F3A54E06ADAF}"
EndProject
Global
	GlobalSection(SolutionConfigurationPlatforms) = preSolution
		Debug|x64 = Debug|x64
		Debug|x86 = Debug|x86
		Release|x64 = Release|x64
		Release|x86 = Release|x86
	EndGlobalSection
	GlobalSection(ProjectConfigurationPlatforms) = postSolution
		{C999515D-70E8-44A7-B571-F3A54E06ADAF}.Debug|x64.ActiveCfg = Debug|x64
		{C999515D-70E8-44A7-B571-F3A54E06ADAF}.Debug|x64.Build.0 = Debug|x64
		{C999515D-70E8-44A7-B571-F3A54E06ADAF}.Debug|x86.ActiveCfg = Debug|Win32
		{C999515D-70E8-44A7-B571-F3A54E06ADAF}.Debug|x86.Build.0 = Debug|Win32
		{C999515D-70E8-44A7-B571-F3A54E06ADAF}.Release|x64.ActiveCfg = Release|x64
		{C999515D-70E8-44A7-B571-F3A54E06ADAF}.Release|x64.Build.0 = Release|x64
		{C999515D-70E8-44A7-B571-F3A54E06ADAF}.Release|x86.ActiveCfg = Release|Win32
		{C999515D-70E8-44A7-B571-F3A54E06ADAF}.Release|x86.Build.0 = Release|Win32
	EndGlobalSection
	GlobalSection(SolutionProperties) = preSolution
		HideSolutionNode = FALSE
	EndGlobalSection
	GlobalSection(ExtensibilityGlobals) = postSolution
		SolutionGuid = {A50A5B1F-E6C3-4621-AFD8-064EF45D9AB3}
	EndGlobalSection
EndGlobal
